<?xml version="1.0" encoding="utf-8"?>
<Project ToolsVersion="4.0" xmlns="http://schemas.microsoft.com/developer/msbuild/2003">
  <ItemGroup>
    <Filter Include="Source Files">
      <UniqueIdentifier>{4FC737F1-C7A5-4376-A066-2A32D752A2FF}</UniqueIdentifier>
      <Extensions>cpp;c;cc;cxx;c++;cppm;ixx;def;odl;idl;hpj;bat;asm;asmx</Extensions>
    </Filter>
    <Filter Include="Header Files">
      <UniqueIdentifier>{93995380-89BD-4b04-88EB-625FBE52EBFB}</UniqueIdentifier>
      <Extensions>h;hh;hpp;hxx;h++;hm;inl;inc;ipp;xsd</Extensions>
    </Filter>
    <Filter Include="Resource Files">
      <UniqueIdentifier>{67DA6AB6-F800-4c08-8B7A-83BB121AAD01}</UniqueIdentifier>
      <Extensions>rc;ico;cur;bmp;dlg;rc2;rct;bin;rgs;gif;jpg;jpeg;jpe;resx;tiff;tif;png;wav;mfcribbon-ms</Extensions>
    </Filter>
  </ItemGroup>
  <ItemGroup>
    <ClCompile Include="dllmain.cpp">
      <Filter>Source Files</Filter>
    </ClCompile>
    <ClCompile Include="memory\memory.ixx">
      <Filter>Source Files</Filter>
    </ClCompile>
    <ClCompile Include="hook\hook.ixx">
      <Filter>Source Files</Filter>
    </ClCompile>
    <ClCompile Include="util\util.ixx">
      <Filter>Source Files</Filter>
    </ClCompile>
    <ClCompile Include="memory\memory.cpp">
      <Filter>Source Files</Filter>
    </ClCompile>
    <ClCompile Include="hook\hook.cpp">
      <Filter>Source Files</Filter>
    </ClCompile>
    <ClCompile Include="deps\imgui\imgui.cpp">
      <Filter>Source Files</Filter>
    </ClCompile>
    <ClCompile Include="deps\imgui\imgui_draw.cpp">
      <Filter>Source Files</Filter>
    </ClCompile>
    <ClCompile Include="deps\imgui\imgui_impl_dx11.cpp">
      <Filter>Source Files</Filter>
    </ClCompile>
    <ClCompile Include="deps\imgui\imgui_impl_win32.cpp">
      <Filter>Source Files</Filter>
    </ClCompile>
    <ClCompile Include="deps\imgui\imgui_tables.cpp">
      <Filter>Source Files</Filter>
    </ClCompile>
    <ClCompile Include="deps\imgui\imgui_tricks.cpp">
      <Filter>Source Files</Filter>
    </ClCompile>
    <ClCompile Include="deps\imgui\imgui_widgets.cpp">
      <Filter>Source Files</Filter>
    </ClCompile>
    <ClCompile Include="mizu.ixx">
      <Filter>Source Files</Filter>
    </ClCompile>
    <ClCompile Include="render.ixx">
      <Filter>Source Files</Filter>
    </ClCompile>
    <ClCompile Include="render.cpp">
      <Filter>Source Files</Filter>
    </ClCompile>
    <ClCompile Include="sdk\sdk.h">
      <Filter>Source Files</Filter>
    </ClCompile>
    <ClCompile Include="sdk\sdk.cpp">
      <Filter>Source Files</Filter>
    </ClCompile>
    <ClCompile Include="sdk\type\angle.cpp">
      <Filter>Source Files</Filter>
    </ClCompile>
    <ClCompile Include="sdk\type\color.cpp">
      <Filter>Source Files</Filter>
    </ClCompile>
    <ClCompile Include="sdk\type\matrix.cpp">
      <Filter>Source Files</Filter>
    </ClCompile>
    <ClCompile Include="sdk\type\vector.cpp">
      <Filter>Source Files</Filter>
    </ClCompile>
    <ClCompile Include="util\util.cpp">
      <Filter>Source Files</Filter>
    </ClCompile>
    <ClCompile Include="sdk\type\entity.cpp">
      <Filter>Source Files</Filter>
    </ClCompile>
    <ClCompile Include="features\visuals.ixx">
      <Filter>Source Files</Filter>
    </ClCompile>
    <ClCompile Include="features\visuals.cpp">
      <Filter>Source Files</Filter>
    </ClCompile>
    <ClCompile Include="sdk\math.cpp">
      <Filter>Source Files</Filter>
    </ClCompile>
    <ClCompile Include="sdk\math.ixx">
      <Filter>Source Files</Filter>
    </ClCompile>
    <ClCompile Include="mizu.cpp">
      <Filter>Source Files</Filter>
    </ClCompile>
  </ItemGroup>
  <ItemGroup>
    <ClInclude Include="include.h">
      <Filter>Header Files</Filter>
    </ClInclude>
    <ClInclude Include="deps\xorstr.h">
      <Filter>Header Files</Filter>
    </ClInclude>
    <ClInclude Include="memory\nt.h">
      <Filter>Header Files</Filter>
    </ClInclude>
    <ClInclude Include="deps\imgui\freetype\imgui_freetype.h">
      <Filter>Header Files</Filter>
    </ClInclude>
    <ClInclude Include="deps\imgui\imconfig.h">
      <Filter>Header Files</Filter>
    </ClInclude>
    <ClInclude Include="deps\imgui\imgui.h">
      <Filter>Header Files</Filter>
    </ClInclude>
    <ClInclude Include="deps\imgui\imgui_impl_dx11.h">
      <Filter>Header Files</Filter>
    </ClInclude>
    <ClInclude Include="deps\imgui\imgui_impl_win32.h">
      <Filter>Header Files</Filter>
    </ClInclude>
    <ClInclude Include="deps\imgui\imgui_internal.h">
      <Filter>Header Files</Filter>
    </ClInclude>
    <ClInclude Include="deps\imgui\imgui_tricks.hpp">
      <Filter>Header Files</Filter>
    </ClInclude>
    <ClInclude Include="deps\imgui\imstb_rectpack.h">
      <Filter>Header Files</Filter>
    </ClInclude>
    <ClInclude Include="deps\imgui\imstb_textedit.h">
      <Filter>Header Files</Filter>
    </ClInclude>
    <ClInclude Include="deps\imgui\imstb_truetype.h">
      <Filter>Header Files</Filter>
    </ClInclude>
    <ClInclude Include="memory\virtual.h">
      <Filter>Header Files</Filter>
    </ClInclude>
    <ClInclude Include="sdk\type\angle.h">
      <Filter>Header Files</Filter>
    </ClInclude>
    <ClInclude Include="sdk\type\CHighlight.h">
      <Filter>Header Files</Filter>
    </ClInclude>
    <ClInclude Include="sdk\type\ClientClass.h">
      <Filter>Header Files</Filter>
    </ClInclude>
    <ClInclude Include="sdk\type\color.h">
      <Filter>Header Files</Filter>
    </ClInclude>
    <ClInclude Include="sdk\type\convar.h">
      <Filter>Header Files</Filter>
    </ClInclude>
    <ClInclude Include="sdk\type\CUserCmd.h">
      <Filter>Header Files</Filter>
    </ClInclude>
    <ClInclude Include="sdk\type\matrix.h">
      <Filter>Header Files</Filter>
    </ClInclude>
    <ClInclude Include="sdk\type\recv.h">
      <Filter>Header Files</Filter>
    </ClInclude>
    <ClInclude Include="sdk\type\utl.h">
      <Filter>Header Files</Filter>
    </ClInclude>
    <ClInclude Include="sdk\type\vector.h">
      <Filter>Header Files</Filter>
    </ClInclude>
    <ClInclude Include="sdk\CClientState.h">
      <Filter>Header Files</Filter>
    </ClInclude>
    <ClInclude Include="sdk\CEngineClient.h">
      <Filter>Header Files</Filter>
    </ClInclude>
    <ClInclude Include="sdk\CHLClient.h">
      <Filter>Header Files</Filter>
    </ClInclude>
    <ClInclude Include="sdk\CViewRender.h">
      <Filter>Header Files</Filter>
    </ClInclude>
    <ClInclude Include="sdk\CEntityList.h">
      <Filter>Header Files</Filter>
    </ClInclude>
    <ClInclude Include="sdk\CGlobalBaseVars.h">
      <Filter>Header Files</Filter>
    </ClInclude>
    <ClInclude Include="util\hash.h">
      <Filter>Header Files</Filter>
    </ClInclude>
    <ClInclude Include="sdk\type\entity.h">
      <Filter>Header Files</Filter>
    </ClInclude>
    <ClInclude Include="sdk\type\collideable.h">
      <Filter>Header Files</Filter>
    </ClInclude>
    <ClInclude Include="sdk\CInput.h">
      <Filter>Header Files</Filter>
    </ClInclude>
    <ClInclude Include="sdk\type\netvars.h">
      <Filter>Header Files</Filter>
    </ClInclude>
    <ClInclude Include="sdk\definitions.h">
      <Filter>Header Files</Filter>
    </ClInclude>
    <ClInclude Include="sdk\type\studio.h">
      <Filter>Header Files</Filter>
    </ClInclude>
  </ItemGroup>
</Project>